
Microsoft Visual Studio Solution File, Format Version 12.00
Project("{FAE04EC0-301F-11D3-BF4B-00C04F79EFBC}") = "GamIt", "GamIt.csproj", "{2A66974F-7FCB-4F07-958F-D56A41B6AE9D}"
EndProject
Global
	GlobalSection(SolutionConfigurationPlatforms) = preSolution
		Debug|Any CPU = Debug|Any CPU
		Release|Any CPU = Release|Any CPU
	EndGlobalSection
	GlobalSection(ProjectConfigurationPlatforms) = postSolution
		{2A66974F-7FCB-4F07-958F-D56A41B6AE9D}.Debug|Any CPU.ActiveCfg = Debug|Any CPU
		{2A66974F-7FCB-4F07-958F-D56A41B6AE9D}.Debug|Any CPU.Build.0 = Debug|Any CPU
		{2A66974F-7FCB-4F07-958F-D56A41B6AE9D}.Release|Any CPU.ActiveCfg = Release|Any CPU
		{2A66974F-7FCB-4F07-958F-D56A41B6AE9D}.Release|Any CPU.Build.0 = Release|Any CPU
	EndGlobalSection
EndGlobal
